
Microsoft Visual Studio Solution File, Format Version 12.00
# Visual Studio Version 16
VisualStudioVersion = 16.0.29905.134
MinimumVisualStudioVersion = 10.0.40219.1
Project("{FAE04EC0-301F-11D3-BF4B-00C04F79EFBC}") = "InterRegraNegocio", "InterRegraNegocio\InterRegraNegocio.csproj", "{D79F2A90-09F0-4271-8DBD-4C88484824CA}"
EndProject
Project("{FAE04EC0-301F-11D3-BF4B-00C04F79EFBC}") = "InterEtiquetas", "InterEtiquetas\InterEtiquetas.csproj", "{B0B7F6F3-45EE-4DD1-BF58-A4194C29273E}"
EndProject
Project("{FAE04EC0-301F-11D3-BF4B-00C04F79EFBC}") = "PlusGerente", "PlusGerente\PlusGerente.csproj", "{BD11FD3C-5DA2-4E88-ADD9-EB375D52BA05}"
EndProject
Project("{FAE04EC0-301F-11D3-BF4B-00C04F79EFBC}") = "InterGerente", "InterGerente\InterGerente.csproj", "{0DADD703-AA40-4E1A-B40C-E4AC2DA74FA6}"
EndProject
Project("{FAE04EC0-301F-11D3-BF4B-00C04F79EFBC}") = "ImportadorPlusWeb", "ImportadorPlusWeb\ImportadorPlusWeb.csproj", "{1463EE9E-3112-4514-B7DB-2A5254909495}"
EndProject
Project("{FAE04EC0-301F-11D3-BF4B-00C04F79EFBC}") = "PlusIntegraPedidoMercadoLivre", "PlusIntegraPedidoMercadoLivre\PlusIntegraPedidoMercadoLivre.csproj", "{DEE91B97-03A8-4A75-B7A8-853F71E5EC16}"
EndProject
Project("{FAE04EC0-301F-11D3-BF4B-00C04F79EFBC}") = "PlusEtiquetaMercadoLivre", "PlusEtiquetaMrecado\PlusEtiquetaMercadoLivre.csproj", "{1B70DC79-216D-48DA-BB5F-20A8C4877C1E}"
EndProject
Project("{FAE04EC0-301F-11D3-BF4B-00C04F79EFBC}") = "PlusInterGerente", "PlusInterGerente\PlusInterGerente.csproj", "{51263930-57F7-4424-8EDD-77F816CFF362}"
EndProject
Project("{FAE04EC0-301F-11D3-BF4B-00C04F79EFBC}") = "exeteste", "exeteste\exeteste.csproj", "{9E6CC240-64E4-4890-B13D-7FA57804F5FB}"
EndProject
Project("{FAE04EC0-301F-11D3-BF4B-00C04F79EFBC}") = "PlusIntegraPedidoMagalu", "PlusIntegraPedidoMagalu\PlusIntegraPedidoMagalu.csproj", "{BB6E7DE5-FBB5-4932-9580-C046ACD8CC9E}"
EndProject
Project("{FAE04EC0-301F-11D3-BF4B-00C04F79EFBC}") = "PlusEtiquetaMagalu", "PlusEtiquetaMagalu\PlusEtiquetaMagalu.csproj", "{2A810814-CD55-4C78-8C99-AA6590102B8E}"
EndProject
Project("{FAE04EC0-301F-11D3-BF4B-00C04F79EFBC}") = "PlusAtualizaProdutoMKP", "PlusAtualizaProdutoMKP\PlusAtualizaProdutoMKP.csproj", "{CAC72D13-BA67-4FF4-AF1C-783A9E651F11}"
EndProject
Project("{FAE04EC0-301F-11D3-BF4B-00C04F79EFBC}") = "PlusAtualizaPlusWeb", "PlusAtualizaPlusWeb\PlusAtualizaPlusWeb.csproj", "{569BCF19-1F90-4C17-9FF0-9402124FA621}"
EndProject
Project("{FAE04EC0-301F-11D3-BF4B-00C04F79EFBC}") = "PlusSalvaXML", "PlusSalvaXML\PlusSalvaXML.csproj", "{65761DA5-2600-4922-9E09-B2B8D8B6E63D}"
EndProject
Project("{FAE04EC0-301F-11D3-BF4B-00C04F79EFBC}") = "PlusEtiquetaB2W", "PlusGeraEtiquetaB2W\PlusEtiquetaB2W.csproj", "{B3BD37F3-BC0E-4669-980A-8F49242A8EC4}"
EndProject
Project("{FAE04EC0-301F-11D3-BF4B-00C04F79EFBC}") = "PlusEnviaProdutoSite", "PlusEnviaProdutoSite\PlusEnviaProdutoSite.csproj", "{55E81EC5-7CA5-4E15-A2B4-F70E230C818E}"
EndProject
Project("{FAE04EC0-301F-11D3-BF4B-00C04F79EFBC}") = "PlusEnviaProdutosNovosMKP", "EnviaProdutosNovosMKP\PlusEnviaProdutosNovosMKP.csproj", "{75016D4B-6921-4D3F-ABDA-BF2C914BCC33}"
EndProject
Project("{FAE04EC0-301F-11D3-BF4B-00C04F79EFBC}") = "PlusColetaJadLog", "PlusColetaJadLog\PlusColetaJadLog.csproj", "{ECC892CF-70BD-48C2-A369-685309B5FE66}"
EndProject
Project("{FAE04EC0-301F-11D3-BF4B-00C04F79EFBC}") = "PlusSalvaGNRE", "PlusSalvaGNRE\PlusSalvaGNRE.csproj", "{BCFC8B5C-5BCB-408D-8D0B-E9860973705D}"
EndProject
Project("{FAE04EC0-301F-11D3-BF4B-00C04F79EFBC}") = "PlusSolicitaDirectB2W", "PlusEtiquetaB2W\PlusSolicitaDirectB2W.csproj", "{50946FE3-0822-4444-AA86-D1E654EDB6F9}"
EndProject
Project("{FAE04EC0-301F-11D3-BF4B-00C04F79EFBC}") = "PlusEnviaNotaB2W", "PlusEnviaNotaB2W\PlusEnviaNotaB2W.csproj", "{B604A8C9-8C8B-4FF4-8496-A26A65BA523F}"
EndProject
Project("{FAE04EC0-301F-11D3-BF4B-00C04F79EFBC}") = "PlusMensagemMercadoLivre", "PlusMensagemMercadoLivre\PlusMensagemMercadoLivre.csproj", "{8C064723-C157-4A42-BF6E-55AA8A4F2215}"
EndProject
Project("{FAE04EC0-301F-11D3-BF4B-00C04F79EFBC}") = "PlusEnviaMensagemPedidoCanceladoTelegram", "PlusEnviaMensagemPedidoCanceladoTelegram\PlusEnviaMensagemPedidoCanceladoTelegram.csproj", "{23112973-A409-4343-BE67-F89EA60216A2}"
EndProject
Project("{2150E333-8FDC-42A3-9474-1A3956D46DE8}") = "2ELETRO", "2ELETRO", "{85109880-2FDF-4BEC-94BF-68C1AAA93BD8}"
EndProject
Project("{2150E333-8FDC-42A3-9474-1A3956D46DE8}") = "Componente", "Componente", "{23AA83B0-A8E1-468B-A130-6FE5F87B3C1B}"
EndProject
Project("{FAE04EC0-301F-11D3-BF4B-00C04F79EFBC}") = "DanfeSharp", "..\..\..\Componentes\DanfeSharp\DanfeSharp.git\trunk\DanfeSharp\DanfeSharp.csproj", "{3B92AA4E-B2F6-4CB0-83C7-F8DCFCCB22CB}"
EndProject
Project("{FAE04EC0-301F-11D3-BF4B-00C04F79EFBC}") = "PlusEtiquetaCorreios", "PlusEtiquetaCorreios\PlusEtiquetaCorreios.csproj", "{186EF943-EB2C-4ABF-B3B8-BF3919BAE4AD}"
EndProject
Project("{FAE04EC0-301F-11D3-BF4B-00C04F79EFBC}") = "PlusCorreios", "PlusCorreios\PlusCorreios.csproj", "{8FD0B69C-0E35-4657-B734-336FF79E755B}"
EndProject
Project("{FAE04EC0-301F-11D3-BF4B-00C04F79EFBC}") = "PlusIntegraPedidoB2W", "PlusIntegraPedidoB2W\PlusIntegraPedidoB2W.csproj", "{92317150-0158-4415-8C5F-45A6275E493C}"
EndProject
Project("{2150E333-8FDC-42A3-9474-1A3956D46DE8}") = "Avulso", "Avulso", "{67E7FA23-ECD0-4328-9BA4-182F5FF9EC7E}"
EndProject
Project("{FAE04EC0-301F-11D3-BF4B-00C04F79EFBC}") = "PlusDespacharPedidoMagalu", "PlusDespacharPedidoMagalu\PlusDespacharPedidoMagalu.csproj", "{81E92EC9-081C-408F-A6C8-1187626475C9}"
EndProject
Project("{2150E333-8FDC-42A3-9474-1A3956D46DE8}") = "Clientes", "Clientes", "{4E0AC991-DE73-44FD-9D8C-A913BDBB88A4}"
EndProject
Project("{FAE04EC0-301F-11D3-BF4B-00C04F79EFBC}") = "PlusGerenteCliente", "PlusGerenteCliente\PlusGerenteCliente.csproj", "{453000C1-90E8-4696-9462-E60A660EBDA8}"
EndProject
Project("{FAE04EC0-301F-11D3-BF4B-00C04F79EFBC}") = "PlusEnviaNotaOrla", "PlusEnviaNotaOrla\PlusEnviaNotaOrla.csproj", "{9EDAAE1E-4A18-49F0-B01A-0DA52AF8E035}"
EndProject
Project("{FAE04EC0-301F-11D3-BF4B-00C04F79EFBC}") = "PlusColetaFEDEX", "PlusColetaFEDEX\PlusColetaFEDEX.csproj", "{5039BE67-2761-4F1B-951A-C40D56E3BA6F}"
EndProject
Project("{FAE04EC0-301F-11D3-BF4B-00C04F79EFBC}") = "PlusIntegraPedidoAmazon", "PlusIntegraPedidoAmazon\PlusIntegraPedidoAmazon.csproj", "{BC451F5C-BBD5-4FAB-AE9E-7C4426B8BC1D}"
EndProject
Project("{FAE04EC0-301F-11D3-BF4B-00C04F79EFBC}") = "PlusEtiquetasBling", "PlusEtiquetasBling\PlusEtiquetasBling.csproj", "{78ABECC0-1C99-48FF-B14A-1D12EE1FD923}"
EndProject
Project("{2150E333-8FDC-42A3-9474-1A3956D46DE8}") = "Frete", "Frete", "{B4E1D7DF-0647-49E0-A21C-7C38DB1E5786}"
EndProject
Project("{FAE04EC0-301F-11D3-BF4B-00C04F79EFBC}") = "ImportaTabelasFrete", "ImportaTabelasFrete\ImportaTabelasFrete.csproj", "{89670560-E24B-4AC2-8C48-A3011CEC5D28}"
EndProject
Project("{FAE04EC0-301F-11D3-BF4B-00C04F79EFBC}") = "Relatorios", "Relatorios\Relatorios.csproj", "{43FF530D-5D21-4203-9098-CF2E115833A2}"
EndProject
Project("{2150E333-8FDC-42A3-9474-1A3956D46DE8}") = "Web", "Web", "{4C87EF56-9686-41AD-BA7C-683B7571D402}"
EndProject
Project("{FAE04EC0-301F-11D3-BF4B-00C04F79EFBC}") = "PlusImpressaoEtiqueta", "PlusImpressaoEtiqueta\PlusImpressaoEtiqueta.csproj", "{D558D33D-553D-4807-8773-6FDBB3A6674C}"
EndProject
Project("{FAE04EC0-301F-11D3-BF4B-00C04F79EFBC}") = "SDK", "..\..\Componentes\MeliSDK\trunk\SDK\SDK.csproj", "{25FDC25B-0BB1-4D13-BAD3-C7CAF22B9F70}"
EndProject
Project("{2150E333-8FDC-42A3-9474-1A3956D46DE8}") = "Dashboard", "Dashboard", "{433C2015-5B67-4599-98A7-A9F7CF3FE04C}"
EndProject
Project("{FAE04EC0-301F-11D3-BF4B-00C04F79EFBC}") = "DashboardViewer", "DashboardViewer\DashboardViewer.csproj", "{072DBD0A-1FC2-4919-AC46-F3A3C1A299DF}"
EndProject
Project("{FAE04EC0-301F-11D3-BF4B-00C04F79EFBC}") = "DashboardDesigner", "DashboardDesigner\DashboardDesigner.csproj", "{E2045F6B-3A22-4863-939A-E843E60EE11C}"
EndProject
Project("{FAE04EC0-301F-11D3-BF4B-00C04F79EFBC}") = "Sistema2Eletro", "Sistema2Eletro\Sistema2Eletro.csproj", "{90358289-1A25-408A-BF7A-0F37F82B0E0B}"
EndProject
Project("{E24C65DC-7377-472B-9ABA-BC803B73C61A}") = "RelatoriosInterplace", "RelatoriosInterplace\", "{4C06D201-4B0D-414A-844A-04D61FE41C46}"
	ProjectSection(WebsiteProperties) = preProject
		TargetFrameworkMoniker = ".NETFramework,Version%3Dv4.7.2"
		Debug.AspNetCompiler.VirtualPath = "/localhost_49881"
		Debug.AspNetCompiler.PhysicalPath = "RelatoriosInterplace\"
		Debug.AspNetCompiler.TargetPath = "PrecompiledWeb\localhost_49881\"
		Debug.AspNetCompiler.Updateable = "true"
		Debug.AspNetCompiler.ForceOverwrite = "true"
		Debug.AspNetCompiler.FixedNames = "false"
		Debug.AspNetCompiler.Debug = "True"
		Release.AspNetCompiler.VirtualPath = "/localhost_49881"
		Release.AspNetCompiler.PhysicalPath = "RelatoriosInterplace\"
		Release.AspNetCompiler.TargetPath = "PrecompiledWeb\localhost_49881\"
		Release.AspNetCompiler.Updateable = "true"
		Release.AspNetCompiler.ForceOverwrite = "true"
		Release.AspNetCompiler.FixedNames = "false"
		Release.AspNetCompiler.Debug = "False"
		VWDPort = "49881"
		SlnRelativePath = "RelatoriosInterplace\"
		DefaultWebSiteLanguage = "Visual C#"
	EndProjectSection
EndProject
Global
	GlobalSection(SolutionConfigurationPlatforms) = preSolution
		Debug|Any CPU = Debug|Any CPU
		Release|Any CPU = Release|Any CPU
	EndGlobalSection
	GlobalSection(ProjectConfigurationPlatforms) = postSolution
		{D79F2A90-09F0-4271-8DBD-4C88484824CA}.Debug|Any CPU.ActiveCfg = Debug|Any CPU
		{D79F2A90-09F0-4271-8DBD-4C88484824CA}.Debug|Any CPU.Build.0 = Debug|Any CPU
		{D79F2A90-09F0-4271-8DBD-4C88484824CA}.Release|Any CPU.ActiveCfg = Release|Any CPU
		{D79F2A90-09F0-4271-8DBD-4C88484824CA}.Release|Any CPU.Build.0 = Release|Any CPU
		{B0B7F6F3-45EE-4DD1-BF58-A4194C29273E}.Debug|Any CPU.ActiveCfg = Debug|Any CPU
		{B0B7F6F3-45EE-4DD1-BF58-A4194C29273E}.Debug|Any CPU.Build.0 = Debug|Any CPU
		{B0B7F6F3-45EE-4DD1-BF58-A4194C29273E}.Release|Any CPU.ActiveCfg = Release|Any CPU
		{B0B7F6F3-45EE-4DD1-BF58-A4194C29273E}.Release|Any CPU.Build.0 = Release|Any CPU
		{BD11FD3C-5DA2-4E88-ADD9-EB375D52BA05}.Debug|Any CPU.ActiveCfg = Debug|Any CPU
		{BD11FD3C-5DA2-4E88-ADD9-EB375D52BA05}.Debug|Any CPU.Build.0 = Debug|Any CPU
		{BD11FD3C-5DA2-4E88-ADD9-EB375D52BA05}.Release|Any CPU.ActiveCfg = Release|Any CPU
		{BD11FD3C-5DA2-4E88-ADD9-EB375D52BA05}.Release|Any CPU.Build.0 = Release|Any CPU
		{0DADD703-AA40-4E1A-B40C-E4AC2DA74FA6}.Debug|Any CPU.ActiveCfg = Debug|Any CPU
		{0DADD703-AA40-4E1A-B40C-E4AC2DA74FA6}.Debug|Any CPU.Build.0 = Debug|Any CPU
		{0DADD703-AA40-4E1A-B40C-E4AC2DA74FA6}.Release|Any CPU.ActiveCfg = Release|Any CPU
		{0DADD703-AA40-4E1A-B40C-E4AC2DA74FA6}.Release|Any CPU.Build.0 = Release|Any CPU
		{1463EE9E-3112-4514-B7DB-2A5254909495}.Debug|Any CPU.ActiveCfg = Debug|Any CPU
		{1463EE9E-3112-4514-B7DB-2A5254909495}.Debug|Any CPU.Build.0 = Debug|Any CPU
		{1463EE9E-3112-4514-B7DB-2A5254909495}.Release|Any CPU.ActiveCfg = Release|Any CPU
		{1463EE9E-3112-4514-B7DB-2A5254909495}.Release|Any CPU.Build.0 = Release|Any CPU
		{DEE91B97-03A8-4A75-B7A8-853F71E5EC16}.Debug|Any CPU.ActiveCfg = Debug|Any CPU
		{DEE91B97-03A8-4A75-B7A8-853F71E5EC16}.Debug|Any CPU.Build.0 = Debug|Any CPU
		{DEE91B97-03A8-4A75-B7A8-853F71E5EC16}.Release|Any CPU.ActiveCfg = Release|Any CPU
		{DEE91B97-03A8-4A75-B7A8-853F71E5EC16}.Release|Any CPU.Build.0 = Release|Any CPU
		{1B70DC79-216D-48DA-BB5F-20A8C4877C1E}.Debug|Any CPU.ActiveCfg = Debug|Any CPU
		{1B70DC79-216D-48DA-BB5F-20A8C4877C1E}.Debug|Any CPU.Build.0 = Debug|Any CPU
		{1B70DC79-216D-48DA-BB5F-20A8C4877C1E}.Release|Any CPU.ActiveCfg = Release|Any CPU
		{1B70DC79-216D-48DA-BB5F-20A8C4877C1E}.Release|Any CPU.Build.0 = Release|Any CPU
		{51263930-57F7-4424-8EDD-77F816CFF362}.Debug|Any CPU.ActiveCfg = Debug|Any CPU
		{51263930-57F7-4424-8EDD-77F816CFF362}.Debug|Any CPU.Build.0 = Debug|Any CPU
		{51263930-57F7-4424-8EDD-77F816CFF362}.Release|Any CPU.ActiveCfg = Release|Any CPU
		{51263930-57F7-4424-8EDD-77F816CFF362}.Release|Any CPU.Build.0 = Release|Any CPU
		{9E6CC240-64E4-4890-B13D-7FA57804F5FB}.Debug|Any CPU.ActiveCfg = Debug|Any CPU
		{9E6CC240-64E4-4890-B13D-7FA57804F5FB}.Debug|Any CPU.Build.0 = Debug|Any CPU
		{9E6CC240-64E4-4890-B13D-7FA57804F5FB}.Release|Any CPU.ActiveCfg = Release|Any CPU
		{9E6CC240-64E4-4890-B13D-7FA57804F5FB}.Release|Any CPU.Build.0 = Release|Any CPU
		{BB6E7DE5-FBB5-4932-9580-C046ACD8CC9E}.Debug|Any CPU.ActiveCfg = Debug|Any CPU
		{BB6E7DE5-FBB5-4932-9580-C046ACD8CC9E}.Debug|Any CPU.Build.0 = Debug|Any CPU
		{BB6E7DE5-FBB5-4932-9580-C046ACD8CC9E}.Release|Any CPU.ActiveCfg = Release|Any CPU
		{BB6E7DE5-FBB5-4932-9580-C046ACD8CC9E}.Release|Any CPU.Build.0 = Release|Any CPU
		{2A810814-CD55-4C78-8C99-AA6590102B8E}.Debug|Any CPU.ActiveCfg = Debug|Any CPU
		{2A810814-CD55-4C78-8C99-AA6590102B8E}.Debug|Any CPU.Build.0 = Debug|Any CPU
		{2A810814-CD55-4C78-8C99-AA6590102B8E}.Release|Any CPU.ActiveCfg = Release|Any CPU
		{2A810814-CD55-4C78-8C99-AA6590102B8E}.Release|Any CPU.Build.0 = Release|Any CPU
		{CAC72D13-BA67-4FF4-AF1C-783A9E651F11}.Debug|Any CPU.ActiveCfg = Debug|Any CPU
		{CAC72D13-BA67-4FF4-AF1C-783A9E651F11}.Debug|Any CPU.Build.0 = Debug|Any CPU
		{CAC72D13-BA67-4FF4-AF1C-783A9E651F11}.Release|Any CPU.ActiveCfg = Release|Any CPU
		{CAC72D13-BA67-4FF4-AF1C-783A9E651F11}.Release|Any CPU.Build.0 = Release|Any CPU
		{569BCF19-1F90-4C17-9FF0-9402124FA621}.Debug|Any CPU.ActiveCfg = Debug|Any CPU
		{569BCF19-1F90-4C17-9FF0-9402124FA621}.Debug|Any CPU.Build.0 = Debug|Any CPU
		{569BCF19-1F90-4C17-9FF0-9402124FA621}.Release|Any CPU.ActiveCfg = Release|Any CPU
		{569BCF19-1F90-4C17-9FF0-9402124FA621}.Release|Any CPU.Build.0 = Release|Any CPU
		{65761DA5-2600-4922-9E09-B2B8D8B6E63D}.Debug|Any CPU.ActiveCfg = Debug|Any CPU
		{65761DA5-2600-4922-9E09-B2B8D8B6E63D}.Debug|Any CPU.Build.0 = Debug|Any CPU
		{65761DA5-2600-4922-9E09-B2B8D8B6E63D}.Release|Any CPU.ActiveCfg = Release|Any CPU
		{65761DA5-2600-4922-9E09-B2B8D8B6E63D}.Release|Any CPU.Build.0 = Release|Any CPU
		{B3BD37F3-BC0E-4669-980A-8F49242A8EC4}.Debug|Any CPU.ActiveCfg = Debug|Any CPU
		{B3BD37F3-BC0E-4669-980A-8F49242A8EC4}.Debug|Any CPU.Build.0 = Debug|Any CPU
		{B3BD37F3-BC0E-4669-980A-8F49242A8EC4}.Release|Any CPU.ActiveCfg = Release|Any CPU
		{B3BD37F3-BC0E-4669-980A-8F49242A8EC4}.Release|Any CPU.Build.0 = Release|Any CPU
		{55E81EC5-7CA5-4E15-A2B4-F70E230C818E}.Debug|Any CPU.ActiveCfg = Debug|Any CPU
		{55E81EC5-7CA5-4E15-A2B4-F70E230C818E}.Debug|Any CPU.Build.0 = Debug|Any CPU
		{55E81EC5-7CA5-4E15-A2B4-F70E230C818E}.Release|Any CPU.ActiveCfg = Release|Any CPU
		{55E81EC5-7CA5-4E15-A2B4-F70E230C818E}.Release|Any CPU.Build.0 = Release|Any CPU
		{75016D4B-6921-4D3F-ABDA-BF2C914BCC33}.Debug|Any CPU.ActiveCfg = Debug|Any CPU
		{75016D4B-6921-4D3F-ABDA-BF2C914BCC33}.Debug|Any CPU.Build.0 = Debug|Any CPU
		{75016D4B-6921-4D3F-ABDA-BF2C914BCC33}.Release|Any CPU.ActiveCfg = Release|Any CPU
		{75016D4B-6921-4D3F-ABDA-BF2C914BCC33}.Release|Any CPU.Build.0 = Release|Any CPU
		{ECC892CF-70BD-48C2-A369-685309B5FE66}.Debug|Any CPU.ActiveCfg = Debug|Any CPU
		{ECC892CF-70BD-48C2-A369-685309B5FE66}.Debug|Any CPU.Build.0 = Debug|Any CPU
		{ECC892CF-70BD-48C2-A369-685309B5FE66}.Release|Any CPU.ActiveCfg = Release|Any CPU
		{ECC892CF-70BD-48C2-A369-685309B5FE66}.Release|Any CPU.Build.0 = Release|Any CPU
		{BCFC8B5C-5BCB-408D-8D0B-E9860973705D}.Debug|Any CPU.ActiveCfg = Debug|Any CPU
		{BCFC8B5C-5BCB-408D-8D0B-E9860973705D}.Debug|Any CPU.Build.0 = Debug|Any CPU
		{BCFC8B5C-5BCB-408D-8D0B-E9860973705D}.Release|Any CPU.ActiveCfg = Release|Any CPU
		{BCFC8B5C-5BCB-408D-8D0B-E9860973705D}.Release|Any CPU.Build.0 = Release|Any CPU
		{50946FE3-0822-4444-AA86-D1E654EDB6F9}.Debug|Any CPU.ActiveCfg = Debug|Any CPU
		{50946FE3-0822-4444-AA86-D1E654EDB6F9}.Debug|Any CPU.Build.0 = Debug|Any CPU
		{50946FE3-0822-4444-AA86-D1E654EDB6F9}.Release|Any CPU.ActiveCfg = Release|Any CPU
		{50946FE3-0822-4444-AA86-D1E654EDB6F9}.Release|Any CPU.Build.0 = Release|Any CPU
		{B604A8C9-8C8B-4FF4-8496-A26A65BA523F}.Debug|Any CPU.ActiveCfg = Debug|Any CPU
		{B604A8C9-8C8B-4FF4-8496-A26A65BA523F}.Debug|Any CPU.Build.0 = Debug|Any CPU
		{B604A8C9-8C8B-4FF4-8496-A26A65BA523F}.Release|Any CPU.ActiveCfg = Release|Any CPU
		{B604A8C9-8C8B-4FF4-8496-A26A65BA523F}.Release|Any CPU.Build.0 = Release|Any CPU
		{8C064723-C157-4A42-BF6E-55AA8A4F2215}.Debug|Any CPU.ActiveCfg = Debug|Any CPU
		{8C064723-C157-4A42-BF6E-55AA8A4F2215}.Debug|Any CPU.Build.0 = Debug|Any CPU
		{8C064723-C157-4A42-BF6E-55AA8A4F2215}.Release|Any CPU.ActiveCfg = Release|Any CPU
		{8C064723-C157-4A42-BF6E-55AA8A4F2215}.Release|Any CPU.Build.0 = Release|Any CPU
		{23112973-A409-4343-BE67-F89EA60216A2}.Debug|Any CPU.ActiveCfg = Debug|Any CPU
		{23112973-A409-4343-BE67-F89EA60216A2}.Debug|Any CPU.Build.0 = Debug|Any CPU
		{23112973-A409-4343-BE67-F89EA60216A2}.Release|Any CPU.ActiveCfg = Release|Any CPU
		{23112973-A409-4343-BE67-F89EA60216A2}.Release|Any CPU.Build.0 = Release|Any CPU
		{3B92AA4E-B2F6-4CB0-83C7-F8DCFCCB22CB}.Debug|Any CPU.ActiveCfg = Debug|Any CPU
		{3B92AA4E-B2F6-4CB0-83C7-F8DCFCCB22CB}.Debug|Any CPU.Build.0 = Debug|Any CPU
		{3B92AA4E-B2F6-4CB0-83C7-F8DCFCCB22CB}.Release|Any CPU.ActiveCfg = Release|Any CPU
		{3B92AA4E-B2F6-4CB0-83C7-F8DCFCCB22CB}.Release|Any CPU.Build.0 = Release|Any CPU
		{186EF943-EB2C-4ABF-B3B8-BF3919BAE4AD}.Debug|Any CPU.ActiveCfg = Debug|Any CPU
		{186EF943-EB2C-4ABF-B3B8-BF3919BAE4AD}.Debug|Any CPU.Build.0 = Debug|Any CPU
		{186EF943-EB2C-4ABF-B3B8-BF3919BAE4AD}.Release|Any CPU.ActiveCfg = Release|Any CPU
		{186EF943-EB2C-4ABF-B3B8-BF3919BAE4AD}.Release|Any CPU.Build.0 = Release|Any CPU
		{8FD0B69C-0E35-4657-B734-336FF79E755B}.Debug|Any CPU.ActiveCfg = Debug|Any CPU
		{8FD0B69C-0E35-4657-B734-336FF79E755B}.Debug|Any CPU.Build.0 = Debug|Any CPU
		{8FD0B69C-0E35-4657-B734-336FF79E755B}.Release|Any CPU.ActiveCfg = Release|Any CPU
		{8FD0B69C-0E35-4657-B734-336FF79E755B}.Release|Any CPU.Build.0 = Release|Any CPU
		{92317150-0158-4415-8C5F-45A6275E493C}.Debug|Any CPU.ActiveCfg = Debug|Any CPU
		{92317150-0158-4415-8C5F-45A6275E493C}.Debug|Any CPU.Build.0 = Debug|Any CPU
		{92317150-0158-4415-8C5F-45A6275E493C}.Release|Any CPU.ActiveCfg = Release|Any CPU
		{92317150-0158-4415-8C5F-45A6275E493C}.Release|Any CPU.Build.0 = Release|Any CPU
		{81E92EC9-081C-408F-A6C8-1187626475C9}.Debug|Any CPU.ActiveCfg = Debug|Any CPU
		{81E92EC9-081C-408F-A6C8-1187626475C9}.Debug|Any CPU.Build.0 = Debug|Any CPU
		{81E92EC9-081C-408F-A6C8-1187626475C9}.Release|Any CPU.ActiveCfg = Release|Any CPU
		{81E92EC9-081C-408F-A6C8-1187626475C9}.Release|Any CPU.Build.0 = Release|Any CPU
		{453000C1-90E8-4696-9462-E60A660EBDA8}.Debug|Any CPU.ActiveCfg = Debug|Any CPU
		{453000C1-90E8-4696-9462-E60A660EBDA8}.Debug|Any CPU.Build.0 = Debug|Any CPU
		{453000C1-90E8-4696-9462-E60A660EBDA8}.Release|Any CPU.ActiveCfg = Release|Any CPU
		{453000C1-90E8-4696-9462-E60A660EBDA8}.Release|Any CPU.Build.0 = Release|Any CPU
		{9EDAAE1E-4A18-49F0-B01A-0DA52AF8E035}.Debug|Any CPU.ActiveCfg = Debug|Any CPU
		{9EDAAE1E-4A18-49F0-B01A-0DA52AF8E035}.Debug|Any CPU.Build.0 = Debug|Any CPU
		{9EDAAE1E-4A18-49F0-B01A-0DA52AF8E035}.Release|Any CPU.ActiveCfg = Release|Any CPU
		{9EDAAE1E-4A18-49F0-B01A-0DA52AF8E035}.Release|Any CPU.Build.0 = Release|Any CPU
		{5039BE67-2761-4F1B-951A-C40D56E3BA6F}.Debug|Any CPU.ActiveCfg = Debug|Any CPU
		{5039BE67-2761-4F1B-951A-C40D56E3BA6F}.Debug|Any CPU.Build.0 = Debug|Any CPU
		{5039BE67-2761-4F1B-951A-C40D56E3BA6F}.Release|Any CPU.ActiveCfg = Release|Any CPU
		{5039BE67-2761-4F1B-951A-C40D56E3BA6F}.Release|Any CPU.Build.0 = Release|Any CPU
		{BC451F5C-BBD5-4FAB-AE9E-7C4426B8BC1D}.Debug|Any CPU.ActiveCfg = Debug|Any CPU
		{BC451F5C-BBD5-4FAB-AE9E-7C4426B8BC1D}.Debug|Any CPU.Build.0 = Debug|Any CPU
		{BC451F5C-BBD5-4FAB-AE9E-7C4426B8BC1D}.Release|Any CPU.ActiveCfg = Release|Any CPU
		{BC451F5C-BBD5-4FAB-AE9E-7C4426B8BC1D}.Release|Any CPU.Build.0 = Release|Any CPU
		{78ABECC0-1C99-48FF-B14A-1D12EE1FD923}.Debug|Any CPU.ActiveCfg = Debug|Any CPU
		{78ABECC0-1C99-48FF-B14A-1D12EE1FD923}.Debug|Any CPU.Build.0 = Debug|Any CPU
		{78ABECC0-1C99-48FF-B14A-1D12EE1FD923}.Release|Any CPU.ActiveCfg = Release|Any CPU
		{78ABECC0-1C99-48FF-B14A-1D12EE1FD923}.Release|Any CPU.Build.0 = Release|Any CPU
		{89670560-E24B-4AC2-8C48-A3011CEC5D28}.Debug|Any CPU.ActiveCfg = Debug|Any CPU
		{89670560-E24B-4AC2-8C48-A3011CEC5D28}.Debug|Any CPU.Build.0 = Debug|Any CPU
		{89670560-E24B-4AC2-8C48-A3011CEC5D28}.Release|Any CPU.ActiveCfg = Release|Any CPU
		{89670560-E24B-4AC2-8C48-A3011CEC5D28}.Release|Any CPU.Build.0 = Release|Any CPU
		{43FF530D-5D21-4203-9098-CF2E115833A2}.Debug|Any CPU.ActiveCfg = Debug|Any CPU
		{43FF530D-5D21-4203-9098-CF2E115833A2}.Debug|Any CPU.Build.0 = Debug|Any CPU
		{43FF530D-5D21-4203-9098-CF2E115833A2}.Release|Any CPU.ActiveCfg = Release|Any CPU
		{43FF530D-5D21-4203-9098-CF2E115833A2}.Release|Any CPU.Build.0 = Release|Any CPU
		{D558D33D-553D-4807-8773-6FDBB3A6674C}.Debug|Any CPU.ActiveCfg = Debug|Any CPU
		{D558D33D-553D-4807-8773-6FDBB3A6674C}.Debug|Any CPU.Build.0 = Debug|Any CPU
		{D558D33D-553D-4807-8773-6FDBB3A6674C}.Release|Any CPU.ActiveCfg = Release|Any CPU
		{D558D33D-553D-4807-8773-6FDBB3A6674C}.Release|Any CPU.Build.0 = Release|Any CPU
		{25FDC25B-0BB1-4D13-BAD3-C7CAF22B9F70}.Debug|Any CPU.ActiveCfg = Debug|Any CPU
		{25FDC25B-0BB1-4D13-BAD3-C7CAF22B9F70}.Debug|Any CPU.Build.0 = Debug|Any CPU
		{25FDC25B-0BB1-4D13-BAD3-C7CAF22B9F70}.Release|Any CPU.ActiveCfg = Release|Any CPU
		{25FDC25B-0BB1-4D13-BAD3-C7CAF22B9F70}.Release|Any CPU.Build.0 = Release|Any CPU
		{072DBD0A-1FC2-4919-AC46-F3A3C1A299DF}.Debug|Any CPU.ActiveCfg = Debug|Any CPU
		{072DBD0A-1FC2-4919-AC46-F3A3C1A299DF}.Debug|Any CPU.Build.0 = Debug|Any CPU
		{072DBD0A-1FC2-4919-AC46-F3A3C1A299DF}.Release|Any CPU.ActiveCfg = Release|Any CPU
		{072DBD0A-1FC2-4919-AC46-F3A3C1A299DF}.Release|Any CPU.Build.0 = Release|Any CPU
		{E2045F6B-3A22-4863-939A-E843E60EE11C}.Debug|Any CPU.ActiveCfg = Debug|Any CPU
		{E2045F6B-3A22-4863-939A-E843E60EE11C}.Debug|Any CPU.Build.0 = Debug|Any CPU
		{E2045F6B-3A22-4863-939A-E843E60EE11C}.Release|Any CPU.ActiveCfg = Release|Any CPU
		{E2045F6B-3A22-4863-939A-E843E60EE11C}.Release|Any CPU.Build.0 = Release|Any CPU
		{90358289-1A25-408A-BF7A-0F37F82B0E0B}.Debug|Any CPU.ActiveCfg = Debug|Any CPU
		{90358289-1A25-408A-BF7A-0F37F82B0E0B}.Debug|Any CPU.Build.0 = Debug|Any CPU
		{90358289-1A25-408A-BF7A-0F37F82B0E0B}.Release|Any CPU.ActiveCfg = Release|Any CPU
		{90358289-1A25-408A-BF7A-0F37F82B0E0B}.Release|Any CPU.Build.0 = Release|Any CPU
		{4C06D201-4B0D-414A-844A-04D61FE41C46}.Debug|Any CPU.ActiveCfg = Debug|Any CPU
		{4C06D201-4B0D-414A-844A-04D61FE41C46}.Debug|Any CPU.Build.0 = Debug|Any CPU
		{4C06D201-4B0D-414A-844A-04D61FE41C46}.Release|Any CPU.ActiveCfg = Debug|Any CPU
		{4C06D201-4B0D-414A-844A-04D61FE41C46}.Release|Any CPU.Build.0 = Debug|Any CPU
	EndGlobalSection
	GlobalSection(SolutionProperties) = preSolution
		HideSolutionNode = FALSE
	EndGlobalSection
	GlobalSection(NestedProjects) = preSolution
		{DEE91B97-03A8-4A75-B7A8-853F71E5EC16} = {85109880-2FDF-4BEC-94BF-68C1AAA93BD8}
		{1B70DC79-216D-48DA-BB5F-20A8C4877C1E} = {85109880-2FDF-4BEC-94BF-68C1AAA93BD8}
		{51263930-57F7-4424-8EDD-77F816CFF362} = {85109880-2FDF-4BEC-94BF-68C1AAA93BD8}
		{BB6E7DE5-FBB5-4932-9580-C046ACD8CC9E} = {85109880-2FDF-4BEC-94BF-68C1AAA93BD8}
		{2A810814-CD55-4C78-8C99-AA6590102B8E} = {85109880-2FDF-4BEC-94BF-68C1AAA93BD8}
		{CAC72D13-BA67-4FF4-AF1C-783A9E651F11} = {85109880-2FDF-4BEC-94BF-68C1AAA93BD8}
		{569BCF19-1F90-4C17-9FF0-9402124FA621} = {85109880-2FDF-4BEC-94BF-68C1AAA93BD8}
		{65761DA5-2600-4922-9E09-B2B8D8B6E63D} = {85109880-2FDF-4BEC-94BF-68C1AAA93BD8}
		{B3BD37F3-BC0E-4669-980A-8F49242A8EC4} = {85109880-2FDF-4BEC-94BF-68C1AAA93BD8}
		{55E81EC5-7CA5-4E15-A2B4-F70E230C818E} = {85109880-2FDF-4BEC-94BF-68C1AAA93BD8}
		{75016D4B-6921-4D3F-ABDA-BF2C914BCC33} = {85109880-2FDF-4BEC-94BF-68C1AAA93BD8}
		{ECC892CF-70BD-48C2-A369-685309B5FE66} = {85109880-2FDF-4BEC-94BF-68C1AAA93BD8}
		{BCFC8B5C-5BCB-408D-8D0B-E9860973705D} = {85109880-2FDF-4BEC-94BF-68C1AAA93BD8}
		{50946FE3-0822-4444-AA86-D1E654EDB6F9} = {85109880-2FDF-4BEC-94BF-68C1AAA93BD8}
		{B604A8C9-8C8B-4FF4-8496-A26A65BA523F} = {85109880-2FDF-4BEC-94BF-68C1AAA93BD8}
		{8C064723-C157-4A42-BF6E-55AA8A4F2215} = {85109880-2FDF-4BEC-94BF-68C1AAA93BD8}
		{23112973-A409-4343-BE67-F89EA60216A2} = {85109880-2FDF-4BEC-94BF-68C1AAA93BD8}
		{3B92AA4E-B2F6-4CB0-83C7-F8DCFCCB22CB} = {23AA83B0-A8E1-468B-A130-6FE5F87B3C1B}
		{186EF943-EB2C-4ABF-B3B8-BF3919BAE4AD} = {85109880-2FDF-4BEC-94BF-68C1AAA93BD8}
		{8FD0B69C-0E35-4657-B734-336FF79E755B} = {85109880-2FDF-4BEC-94BF-68C1AAA93BD8}
		{92317150-0158-4415-8C5F-45A6275E493C} = {85109880-2FDF-4BEC-94BF-68C1AAA93BD8}
		{81E92EC9-081C-408F-A6C8-1187626475C9} = {67E7FA23-ECD0-4328-9BA4-182F5FF9EC7E}
		{453000C1-90E8-4696-9462-E60A660EBDA8} = {4E0AC991-DE73-44FD-9D8C-A913BDBB88A4}
		{9EDAAE1E-4A18-49F0-B01A-0DA52AF8E035} = {85109880-2FDF-4BEC-94BF-68C1AAA93BD8}
		{5039BE67-2761-4F1B-951A-C40D56E3BA6F} = {85109880-2FDF-4BEC-94BF-68C1AAA93BD8}
		{BC451F5C-BBD5-4FAB-AE9E-7C4426B8BC1D} = {85109880-2FDF-4BEC-94BF-68C1AAA93BD8}
		{78ABECC0-1C99-48FF-B14A-1D12EE1FD923} = {85109880-2FDF-4BEC-94BF-68C1AAA93BD8}
		{B4E1D7DF-0647-49E0-A21C-7C38DB1E5786} = {85109880-2FDF-4BEC-94BF-68C1AAA93BD8}
		{89670560-E24B-4AC2-8C48-A3011CEC5D28} = {B4E1D7DF-0647-49E0-A21C-7C38DB1E5786}
		{43FF530D-5D21-4203-9098-CF2E115833A2} = {85109880-2FDF-4BEC-94BF-68C1AAA93BD8}
		{4C87EF56-9686-41AD-BA7C-683B7571D402} = {85109880-2FDF-4BEC-94BF-68C1AAA93BD8}
		{D558D33D-553D-4807-8773-6FDBB3A6674C} = {4C87EF56-9686-41AD-BA7C-683B7571D402}
		{072DBD0A-1FC2-4919-AC46-F3A3C1A299DF} = {433C2015-5B67-4599-98A7-A9F7CF3FE04C}
		{E2045F6B-3A22-4863-939A-E843E60EE11C} = {433C2015-5B67-4599-98A7-A9F7CF3FE04C}
		{4C06D201-4B0D-414A-844A-04D61FE41C46} = {4C87EF56-9686-41AD-BA7C-683B7571D402}
	EndGlobalSection
	GlobalSection(ExtensibilityGlobals) = postSolution
		SolutionGuid = {70A86A8E-A48D-4118-B960-B6135E2081DE}
	EndGlobalSection
EndGlobal
